{
    "_readme": [
        "This file locks the dependencies of your project to a known state",
        "Read more about it at https://getcomposer.org/doc/01-basic-usage.md#composer-lock-the-lock-file",
        "This file is @generated automatically"
    ],
    "content-hash": "5dc5b9be0537c21500191824819ac349",
    "packages": [
        {
            "name": "bereczkybalazs/brick-core",
            "version": "0.0.1",
            "source": {
                "type": "git",
                "url": "https://github.com/bereczkybalazs/BrickCore.git",
                "reference": "8cc307b348176058eda13bee75141316c6c5e61f"
            },
            "dist": {
                "type": "zip",
                "url": "https://api.github.com/repos/bereczkybalazs/BrickCore/zipball/8cc307b348176058eda13bee75141316c6c5e61f",
                "reference": "8cc307b348176058eda13bee75141316c6c5e61f",
                "shasum": ""
            },
            "require": {
                "league/di": ">=1.1",
                "phroute/phroute": "^2.1",
                "progsmile/request-validator": "^1.1",
                "symfony/dotenv": "^3.3"
            },
            "type": "package",
            "autoload": {
                "classmap": [
                    "src/"
                ]
            },
            "notification-url": "https://packagist.org/downloads/",
            "license": [
                "MIT"
            ],
            "authors": [
                {
                    "name": "Bereczky Balazs",
                    "email": "bereczkybalazs1@gmail.com"
                }
            ],
            "time": "2018-08-31T12:42:14+00:00"
        },
        {
            "name": "league/di",
            "version": "1.2.0",
            "source": {
                "type": "git",
                "url": "https://github.com/thephpleague/di.git",
                "reference": "ad0259589949f12abeae6c1e918a0ff7ef00b00a"
            },
            "dist": {
                "type": "zip",
                "url": "https://api.github.com/repos/thephpleague/di/zipball/ad0259589949f12abeae6c1e918a0ff7ef00b00a",
                "reference": "ad0259589949f12abeae6c1e918a0ff7ef00b00a",
                "shasum": ""
            },
            "require": {
                "php": ">=5.3.0"
            },
            "require-dev": {
                "league/phpunit-coverage-listener": "~1.0"
            },
            "type": "library",
            "autoload": {
                "psr-0": {
                    "League\\Di\\": [
                        "src/",
                        "test/"
                    ]
                }
            },
            "notification-url": "https://packagist.org/downloads/",
            "license": [
                "MIT"
            ],
            "authors": [
                {
                    "name": "Don Gilbert",
                    "email": "don@dongilbert.net",
                    "homepage": "http://dongilbert.net",
                    "role": "Developer"
                }
            ],
            "description": "Fast Dependency Injection Container for PHP 5.3+",
            "homepage": "https://github.com/php-loep/di",
            "keywords": [
                "dependency injection",
                "dic",
                "ioc"
            ],
            "abandoned": "orno/di",
            "time": "2013-08-04T22:55:53+00:00"
        },
        {
            "name": "phroute/phroute",
            "version": "v2.1.0",
            "source": {
                "type": "git",
                "url": "https://github.com/mrjgreen/phroute.git",
                "reference": "dbe2b986f9ee1dd33dc956fcc35d1fa22e8e196c"
            },
            "dist": {
                "type": "zip",
                "url": "https://api.github.com/repos/mrjgreen/phroute/zipball/dbe2b986f9ee1dd33dc956fcc35d1fa22e8e196c",
                "reference": "dbe2b986f9ee1dd33dc956fcc35d1fa22e8e196c",
                "shasum": ""
            },
            "require": {
                "php": ">=5.4.0"
            },
            "require-dev": {
                "phpunit/phpunit": "*",
                "satooshi/php-coveralls": "dev-master"
            },
            "type": "library",
            "autoload": {
                "psr-4": {
                    "Phroute\\Phroute\\": "src/Phroute"
                }
            },
            "notification-url": "https://packagist.org/downloads/",
            "license": [
                "BSD-3-Clause"
            ],
            "authors": [
                {
                    "name": "Joe Green",
                    "email": "joe.green.0991@gmail.com"
                }
            ],
            "description": "Fast, fully featured restful request router for PHP",
            "keywords": [
                "router",
                "routing"
            ],
            "time": "2015-07-22T20:46:43+00:00"
        },
        {
            "name": "progsmile/request-validator",
            "version": "1.1.1",
            "source": {
                "type": "git",
                "url": "https://github.com/progsmile/request-validator.git",
                "reference": "9a9530f25a6025d3503858091885b70911e6dfd7"
            },
            "dist": {
                "type": "zip",
                "url": "https://api.github.com/repos/progsmile/request-validator/zipball/9a9530f25a6025d3503858091885b70911e6dfd7",
                "reference": "9a9530f25a6025d3503858091885b70911e6dfd7",
                "shasum": ""
            },
            "require": {
                "php": ">=5.4",
                "respect/validation": "1.0.*"
            },
            "require-dev": {
                "phpunit/phpunit": "^4.8"
            },
            "type": "library",
            "autoload": {
                "psr-4": {
                    "Progsmile\\Validator\\": "src/"
                }
            },
            "notification-url": "https://packagist.org/downloads/",
            "license": [
                "GPL-2.0+"
            ],
            "authors": [
                {
                    "name": "Denis K",
                    "email": "denis.klimenko.dx@gmail.com"
                }
            ],
            "description": "Simple PHP Request Validator",
            "keywords": [
                "form",
                "modeling",
                "php",
                "sanitization",
                "security",
                "validation"
            ],
            "time": "2016-03-11T23:00:41+00:00"
        },
        {
            "name": "respect/validation",
            "version": "1.0.20",
            "source": {
                "type": "git",
                "url": "https://github.com/Respect/Validation.git",
                "reference": "c931e2504b63d8c6431c105a7f4af4eed91b51f9"
            },
            "dist": {
                "type": "zip",
                "url": "https://api.github.com/repos/Respect/Validation/zipball/c931e2504b63d8c6431c105a7f4af4eed91b51f9",
                "reference": "c931e2504b63d8c6431c105a7f4af4eed91b51f9",
                "shasum": ""
            },
            "require": {
                "php": ">=5.4",
                "symfony/polyfill-mbstring": "^1.2"
            },
            "require-dev": {
                "egulias/email-validator": "~1.2",
                "mikey179/vfsstream": "^1.5",
                "phpunit/phpunit": "~4.0",
                "symfony/validator": "~2.6.9",
                "zendframework/zend-validator": "~2.3"
            },
            "suggest": {
                "egulias/email-validator": "Strict (RFC compliant) email validation",
                "ext-bcmath": "Arbitrary Precision Mathematics",
                "ext-mbstring": "Multibyte String Functions",
                "fabpot/php-cs-fixer": "Fix PSR2 and other coding style issues",
                "symfony/validator": "Use Symfony validator through Respect\\Validation",
                "zendframework/zend-validator": "Use Zend Framework validator through Respect\\Validation"
            },
            "type": "library",
            "extra": {
                "branch-alias": {
                    "dev-master": "1.0-dev"
                }
            },
            "autoload": {
                "psr-4": {
                    "Respect\\Validation\\": "library/"
                }
            },
            "notification-url": "https://packagist.org/downloads/",
            "license": [
                "BSD Style"
            ],
            "authors": [
                {
                    "name": "Respect/Validation Contributors",
                    "homepage": "https://github.com/Respect/Validation/graphs/contributors"
                }
            ],
            "description": "The most awesome validation engine ever created for PHP",
            "homepage": "http://respect.li",
            "keywords": [
                "respect",
                "validation",
                "validator"
            ],
            "time": "2018-01-02T21:24:43+00:00"
        },
        {
            "name": "symfony/dotenv",
            "version": "v3.4.15",
            "source": {
                "type": "git",
                "url": "https://github.com/symfony/dotenv.git",
                "reference": "fcc8c8c73899e65ec528aac439c49e7929cdb87b"
            },
            "dist": {
                "type": "zip",
                "url": "https://api.github.com/repos/symfony/dotenv/zipball/fcc8c8c73899e65ec528aac439c49e7929cdb87b",
                "reference": "fcc8c8c73899e65ec528aac439c49e7929cdb87b",
                "shasum": ""
            },
            "require": {
                "php": "^5.5.9|>=7.0.8"
            },
            "require-dev": {
                "symfony/process": "~3.2|~4.0"
            },
            "type": "library",
            "extra": {
                "branch-alias": {
                    "dev-master": "3.4-dev"
                }
            },
            "autoload": {
                "psr-4": {
                    "Symfony\\Component\\Dotenv\\": ""
                },
                "exclude-from-classmap": [
                    "/Tests/"
                ]
            },
            "notification-url": "https://packagist.org/downloads/",
            "license": [
                "MIT"
            ],
            "authors": [
                {
                    "name": "Fabien Potencier",
                    "email": "fabien@symfony.com"
                },
                {
                    "name": "Symfony Community",
                    "homepage": "https://symfony.com/contributors"
                }
            ],
            "description": "Registers environment variables from a .env file",
            "homepage": "https://symfony.com",
            "keywords": [
                "dotenv",
                "env",
                "environment"
            ],
            "time": "2018-07-26T11:19:56+00:00"
        },
        {
            "name": "symfony/polyfill-mbstring",
            "version": "v1.9.0",
            "source": {
                "type": "git",
                "url": "https://github.com/symfony/polyfill-mbstring.git",
                "reference": "d0cd638f4634c16d8df4508e847f14e9e43168b8"
            },
            "dist": {
                "type": "zip",
                "url": "https://api.github.com/repos/symfony/polyfill-mbstring/zipball/d0cd638f4634c16d8df4508e847f14e9e43168b8",
                "reference": "d0cd638f4634c16d8df4508e847f14e9e43168b8",
                "shasum": ""
            },
            "require": {
                "php": ">=5.3.3"
            },
            "suggest": {
                "ext-mbstring": "For best performance"
            },
            "type": "library",
            "extra": {
                "branch-alias": {
                    "dev-master": "1.9-dev"
                }
            },
            "autoload": {
                "psr-4": {
                    "Symfony\\Polyfill\\Mbstring\\": ""
                },
                "files": [
                    "bootstrap.php"
                ]
            },
            "notification-url": "https://packagist.org/downloads/",
            "license": [
                "MIT"
            ],
            "authors": [
                {
                    "name": "Nicolas Grekas",
                    "email": "p@tchwork.com"
                },
                {
                    "name": "Symfony Community",
                    "homepage": "https://symfony.com/contributors"
                }
            ],
            "description": "Symfony polyfill for the Mbstring extension",
            "homepage": "https://symfony.com",
            "keywords": [
                "compatibility",
                "mbstring",
                "polyfill",
                "portable",
                "shim"
            ],
            "time": "2018-08-06T14:22:27+00:00"
        }
    ],
    "packages-dev": [],
    "aliases": [],
    "minimum-stability": "stable",
    "stability-flags": [],
    "prefer-stable": false,
    "prefer-lowest": false,
    "platform": [],
    "platform-dev": []
}
