{
    "_readme": [
        "This file locks the dependencies of your project to a known state",
        "Read more about it at https://getcomposer.org/doc/01-basic-usage.md#composer-lock-the-lock-file",
        "This file is @generated automatically"
    ],
    "content-hash": "f9ed68a7a1ed2a26cc6043cdb536abc1",
    "packages": [
        {
            "name": "league/di",
            "version": "1.2.0",
            "source": {
                "type": "git",
                "url": "https://github.com/thephpleague/di.git",
                "reference": "ad0259589949f12abeae6c1e918a0ff7ef00b00a"
            },
            "dist": {
                "type": "zip",
                "url": "https://api.github.com/repos/thephpleague/di/zipball/ad0259589949f12abeae6c1e918a0ff7ef00b00a",
                "reference": "ad0259589949f12abeae6c1e918a0ff7ef00b00a",
                "shasum": ""
            },
            "require": {
                "php": ">=5.3.0"
            },
            "require-dev": {
                "league/phpunit-coverage-listener": "~1.0"
            },
            "type": "library",
            "autoload": {
                "psr-0": {
                    "League\\Di\\": [
                        "src/",
                        "test/"
                    ]
                }
            },
            "notification-url": "https://packagist.org/downloads/",
            "license": [
                "MIT"
            ],
            "authors": [
                {
                    "name": "Don Gilbert",
                    "email": "don@dongilbert.net",
                    "homepage": "http://dongilbert.net",
                    "role": "Developer"
                }
            ],
            "description": "Fast Dependency Injection Container for PHP 5.3+",
            "homepage": "https://github.com/php-loep/di",
            "keywords": [
                "dependency injection",
                "dic",
                "ioc"
            ],
            "abandoned": "orno/di",
            "time": "2013-08-04T22:55:53+00:00"
        },
        {
            "name": "phroute/phroute",
            "version": "v2.1.0",
            "source": {
                "type": "git",
                "url": "https://github.com/mrjgreen/phroute.git",
                "reference": "dbe2b986f9ee1dd33dc956fcc35d1fa22e8e196c"
            },
            "dist": {
                "type": "zip",
                "url": "https://api.github.com/repos/mrjgreen/phroute/zipball/dbe2b986f9ee1dd33dc956fcc35d1fa22e8e196c",
                "reference": "dbe2b986f9ee1dd33dc956fcc35d1fa22e8e196c",
                "shasum": ""
            },
            "require": {
                "php": ">=5.4.0"
            },
            "require-dev": {
                "phpunit/phpunit": "*",
                "satooshi/php-coveralls": "dev-master"
            },
            "type": "library",
            "autoload": {
                "psr-4": {
                    "Phroute\\Phroute\\": "src/Phroute"
                }
            },
            "notification-url": "https://packagist.org/downloads/",
            "license": [
                "BSD-3-Clause"
            ],
            "authors": [
                {
                    "name": "Joe Green",
                    "email": "joe.green.0991@gmail.com"
                }
            ],
            "description": "Fast, fully featured restful request router for PHP",
            "keywords": [
                "router",
                "routing"
            ],
            "time": "2015-07-22T20:46:43+00:00"
        },
        {
            "name": "symfony/dotenv",
            "version": "v3.4.15",
            "source": {
                "type": "git",
                "url": "https://github.com/symfony/dotenv.git",
                "reference": "fcc8c8c73899e65ec528aac439c49e7929cdb87b"
            },
            "dist": {
                "type": "zip",
                "url": "https://api.github.com/repos/symfony/dotenv/zipball/fcc8c8c73899e65ec528aac439c49e7929cdb87b",
                "reference": "fcc8c8c73899e65ec528aac439c49e7929cdb87b",
                "shasum": ""
            },
            "require": {
                "php": "^5.5.9|>=7.0.8"
            },
            "require-dev": {
                "symfony/process": "~3.2|~4.0"
            },
            "type": "library",
            "extra": {
                "branch-alias": {
                    "dev-master": "3.4-dev"
                }
            },
            "autoload": {
                "psr-4": {
                    "Symfony\\Component\\Dotenv\\": ""
                },
                "exclude-from-classmap": [
                    "/Tests/"
                ]
            },
            "notification-url": "https://packagist.org/downloads/",
            "license": [
                "MIT"
            ],
            "authors": [
                {
                    "name": "Fabien Potencier",
                    "email": "fabien@symfony.com"
                },
                {
                    "name": "Symfony Community",
                    "homepage": "https://symfony.com/contributors"
                }
            ],
            "description": "Registers environment variables from a .env file",
            "homepage": "https://symfony.com",
            "keywords": [
                "dotenv",
                "env",
                "environment"
            ],
            "time": "2018-07-26T11:19:56+00:00"
        }
    ],
    "packages-dev": [],
    "aliases": [],
    "minimum-stability": "stable",
    "stability-flags": [],
    "prefer-stable": false,
    "prefer-lowest": false,
    "platform": [],
    "platform-dev": []
}
